
Microsoft Visual Studio Solution File, Format Version 12.00
# Visual Studio Version 16
VisualStudioVersion = 16.0.30114.105
MinimumVisualStudioVersion = 10.0.40219.1
Project("{9A19103F-16F7-4668-BE54-9A1E7A4F7556}") = "StudentsTesting1", "StudentsTesting1\StudentsTesting1.csproj", "{0108B140-6E0B-4FC2-BF62-D9EBC30166B9}"
EndProject
Project("{9A19103F-16F7-4668-BE54-9A1E7A4F7556}") = "StudentsNUnitTestProject", "StudentsNUnitTestProject\StudentsNUnitTestProject.csproj", "{A476CA98-1137-4D66-9649-E598D6105F97}"
EndProject
Project("{FAE04EC0-301F-11D3-BF4B-00C04F79EFBC}") = "StudentsTestingLogic", "StudentsTestingLogic\StudentsTestingLogic.csproj", "{9980D5E6-48CC-4DB0-850D-DB9C8805E5F8}"
EndProject
Global
	GlobalSection(SolutionConfigurationPlatforms) = preSolution
		Debug|Any CPU = Debug|Any CPU
		Release|Any CPU = Release|Any CPU
	EndGlobalSection
	GlobalSection(ProjectConfigurationPlatforms) = postSolution
		{0108B140-6E0B-4FC2-BF62-D9EBC30166B9}.Debug|Any CPU.ActiveCfg = Debug|Any CPU
		{0108B140-6E0B-4FC2-BF62-D9EBC30166B9}.Debug|Any CPU.Build.0 = Debug|Any CPU
		{0108B140-6E0B-4FC2-BF62-D9EBC30166B9}.Release|Any CPU.ActiveCfg = Release|Any CPU
		{0108B140-6E0B-4FC2-BF62-D9EBC30166B9}.Release|Any CPU.Build.0 = Release|Any CPU
		{A476CA98-1137-4D66-9649-E598D6105F97}.Debug|Any CPU.ActiveCfg = Debug|Any CPU
		{A476CA98-1137-4D66-9649-E598D6105F97}.Debug|Any CPU.Build.0 = Debug|Any CPU
		{A476CA98-1137-4D66-9649-E598D6105F97}.Release|Any CPU.ActiveCfg = Release|Any CPU
		{A476CA98-1137-4D66-9649-E598D6105F97}.Release|Any CPU.Build.0 = Release|Any CPU
		{9980D5E6-48CC-4DB0-850D-DB9C8805E5F8}.Debug|Any CPU.ActiveCfg = Debug|Any CPU
		{9980D5E6-48CC-4DB0-850D-DB9C8805E5F8}.Debug|Any CPU.Build.0 = Debug|Any CPU
		{9980D5E6-48CC-4DB0-850D-DB9C8805E5F8}.Release|Any CPU.ActiveCfg = Release|Any CPU
		{9980D5E6-48CC-4DB0-850D-DB9C8805E5F8}.Release|Any CPU.Build.0 = Release|Any CPU
	EndGlobalSection
	GlobalSection(SolutionProperties) = preSolution
		HideSolutionNode = FALSE
	EndGlobalSection
	GlobalSection(ExtensibilityGlobals) = postSolution
		SolutionGuid = {7563735B-B252-44F8-907B-77D32BB585EC}
	EndGlobalSection
EndGlobal
